
Microsoft Visual Studio Solution File, Format Version 12.00
# Visual Studio Version 16
VisualStudioVersion = 16.0.29411.108
MinimumVisualStudioVersion = 10.0.40219.1
Project("{FAE04EC0-301F-11D3-BF4B-00C04F79EFBC}") = "Zajecia2-2", "Zajecia2-2\Zajecia2-2.csproj", "{2F8D4BA3-ED1D-45C5-96DB-3BC3116B1A82}"
EndProject
Global
	GlobalSection(SolutionConfigurationPlatforms) = preSolution
		Debug|Any CPU = Debug|Any CPU
		Release|Any CPU = Release|Any CPU
	EndGlobalSection
	GlobalSection(ProjectConfigurationPlatforms) = postSolution
		{2F8D4BA3-ED1D-45C5-96DB-3BC3116B1A82}.Debug|Any CPU.ActiveCfg = Debug|Any CPU
		{2F8D4BA3-ED1D-45C5-96DB-3BC3116B1A82}.Debug|Any CPU.Build.0 = Debug|Any CPU
		{2F8D4BA3-ED1D-45C5-96DB-3BC3116B1A82}.Release|Any CPU.ActiveCfg = Release|Any CPU
		{2F8D4BA3-ED1D-45C5-96DB-3BC3116B1A82}.Release|Any CPU.Build.0 = Release|Any CPU
	EndGlobalSection
	GlobalSection(SolutionProperties) = preSolution
		HideSolutionNode = FALSE
	EndGlobalSection
	GlobalSection(ExtensibilityGlobals) = postSolution
		SolutionGuid = {5BF673D9-CE33-4BED-8630-E49B3F93ECFB}
	EndGlobalSection
EndGlobal
